
Microsoft Visual Studio Solution File, Format Version 12.00
# Visual Studio Version 16
VisualStudioVersion = 16.0.30002.166
MinimumVisualStudioVersion = 10.0.40219.1
Project("{8BC9CEB8-8B4A-11D0-8D11-00A0C91BC942}") = "Matrix", "Matrix\Matrix.vcxproj", "{02A91088-4D9B-43CC-9981-AAC6E0921701}"
EndProject
Project("{8BC9CEB8-8B4A-11D0-8D11-00A0C91BC942}") = "Application", "Application\Application.vcxproj", "{0A3EE295-08EE-4547-83CD-ACD96C1A07D3}"
EndProject
Global
	GlobalSection(SolutionConfigurationPlatforms) = preSolution
		Debug|x64 = Debug|x64
		Debug|x86 = Debug|x86
		Release|x64 = Release|x64
		Release|x86 = Release|x86
	EndGlobalSection
	GlobalSection(ProjectConfigurationPlatforms) = postSolution
		{02A91088-4D9B-43CC-9981-AAC6E0921701}.Debug|x64.ActiveCfg = Debug|x64
		{02A91088-4D9B-43CC-9981-AAC6E0921701}.Debug|x64.Build.0 = Debug|x64
		{02A91088-4D9B-43CC-9981-AAC6E0921701}.Debug|x86.ActiveCfg = Debug|x64
		{02A91088-4D9B-43CC-9981-AAC6E0921701}.Release|x64.ActiveCfg = Release|x64
		{02A91088-4D9B-43CC-9981-AAC6E0921701}.Release|x64.Build.0 = Release|x64
		{02A91088-4D9B-43CC-9981-AAC6E0921701}.Release|x86.ActiveCfg = Release|x64
		{0A3EE295-08EE-4547-83CD-ACD96C1A07D3}.Debug|x64.ActiveCfg = Debug|x64
		{0A3EE295-08EE-4547-83CD-ACD96C1A07D3}.Debug|x64.Build.0 = Debug|x64
		{0A3EE295-08EE-4547-83CD-ACD96C1A07D3}.Debug|x86.ActiveCfg = Debug|Win32
		{0A3EE295-08EE-4547-83CD-ACD96C1A07D3}.Debug|x86.Build.0 = Debug|Win32
		{0A3EE295-08EE-4547-83CD-ACD96C1A07D3}.Release|x64.ActiveCfg = Release|x64
		{0A3EE295-08EE-4547-83CD-ACD96C1A07D3}.Release|x64.Build.0 = Release|x64
		{0A3EE295-08EE-4547-83CD-ACD96C1A07D3}.Release|x86.ActiveCfg = Release|Win32
		{0A3EE295-08EE-4547-83CD-ACD96C1A07D3}.Release|x86.Build.0 = Release|Win32
	EndGlobalSection
	GlobalSection(SolutionProperties) = preSolution
		HideSolutionNode = FALSE
	EndGlobalSection
	GlobalSection(ExtensibilityGlobals) = postSolution
		SolutionGuid = {490ED7D6-1D42-4827-AF57-3737F838349E}
	EndGlobalSection
EndGlobal
